
Microsoft Visual Studio Solution File, Format Version 12.00
# Visual Studio 2013
VisualStudioVersion = 12.0.31101.0
MinimumVisualStudioVersion = 10.0.40219.1
Project("{FAE04EC0-301F-11D3-BF4B-00C04F79EFBC}") = "WPF_MVVM", "WPF_MVVM\WPF_MVVM.csproj", "{04880F2A-6B11-4050-9FF5-12C47E2EC2A6}"
EndProject
Project("{FAE04EC0-301F-11D3-BF4B-00C04F79EFBC}") = "XMightCommon", "XMightCommon\XMightCommon.csproj", "{70F79A0C-42C2-476E-A4BF-F166631C8A8B}"
EndProject
Project("{FAE04EC0-301F-11D3-BF4B-00C04F79EFBC}") = "XMightUICommon", "XMightUICommon\XMightUICommon.csproj", "{4AF1D732-3901-408E-AC0E-87EB8372AF87}"
EndProject
Global
	GlobalSection(SolutionConfigurationPlatforms) = preSolution
		Debug|Any CPU = Debug|Any CPU
		Release|Any CPU = Release|Any CPU
	EndGlobalSection
	GlobalSection(ProjectConfigurationPlatforms) = postSolution
		{04880F2A-6B11-4050-9FF5-12C47E2EC2A6}.Debug|Any CPU.ActiveCfg = Debug|Any CPU
		{04880F2A-6B11-4050-9FF5-12C47E2EC2A6}.Debug|Any CPU.Build.0 = Debug|Any CPU
		{04880F2A-6B11-4050-9FF5-12C47E2EC2A6}.Release|Any CPU.ActiveCfg = Release|Any CPU
		{04880F2A-6B11-4050-9FF5-12C47E2EC2A6}.Release|Any CPU.Build.0 = Release|Any CPU
		{70F79A0C-42C2-476E-A4BF-F166631C8A8B}.Debug|Any CPU.ActiveCfg = Debug|Any CPU
		{70F79A0C-42C2-476E-A4BF-F166631C8A8B}.Debug|Any CPU.Build.0 = Debug|Any CPU
		{70F79A0C-42C2-476E-A4BF-F166631C8A8B}.Release|Any CPU.ActiveCfg = Release|Any CPU
		{70F79A0C-42C2-476E-A4BF-F166631C8A8B}.Release|Any CPU.Build.0 = Release|Any CPU
		{4AF1D732-3901-408E-AC0E-87EB8372AF87}.Debug|Any CPU.ActiveCfg = Debug|Any CPU
		{4AF1D732-3901-408E-AC0E-87EB8372AF87}.Debug|Any CPU.Build.0 = Debug|Any CPU
		{4AF1D732-3901-408E-AC0E-87EB8372AF87}.Release|Any CPU.ActiveCfg = Release|Any CPU
		{4AF1D732-3901-408E-AC0E-87EB8372AF87}.Release|Any CPU.Build.0 = Release|Any CPU
	EndGlobalSection
	GlobalSection(SolutionProperties) = preSolution
		HideSolutionNode = FALSE
	EndGlobalSection
EndGlobal
